
Microsoft Visual Studio Solution File, Format Version 12.00
# Visual Studio Version 17
VisualStudioVersion = 17.0.31611.283
MinimumVisualStudioVersion = 10.0.40219.1
Project("{2150E333-8FDC-42A3-9474-1A3956D46DE8}") = "Solution Items", "Solution Items", "{4D56EB21-8C02-4E76-863A-E82051220018}"
	ProjectSection(SolutionItems) = preProject
		.editorconfig = .editorconfig
		..\README.md = ..\README.md
	EndProjectSection
EndProject
Project("{9A19103F-16F7-4668-BE54-9A1E7A4F7556}") = "ComManager", "ComManager\ComManager.csproj", "{F0AD83C3-3948-41FB-BE3D-3FDFB81C5B11}"
EndProject
Global
	GlobalSection(SolutionConfigurationPlatforms) = preSolution
		Debug|Any CPU = Debug|Any CPU
		Debug|x64 = Debug|x64
		Debug|x86 = Debug|x86
		Release|Any CPU = Release|Any CPU
		Release|x64 = Release|x64
		Release|x86 = Release|x86
	EndGlobalSection
	GlobalSection(ProjectConfigurationPlatforms) = postSolution
		{F0AD83C3-3948-41FB-BE3D-3FDFB81C5B11}.Debug|Any CPU.ActiveCfg = Debug|Any CPU
		{F0AD83C3-3948-41FB-BE3D-3FDFB81C5B11}.Debug|Any CPU.Build.0 = Debug|Any CPU
		{F0AD83C3-3948-41FB-BE3D-3FDFB81C5B11}.Debug|x64.ActiveCfg = Debug|Any CPU
		{F0AD83C3-3948-41FB-BE3D-3FDFB81C5B11}.Debug|x64.Build.0 = Debug|Any CPU
		{F0AD83C3-3948-41FB-BE3D-3FDFB81C5B11}.Debug|x86.ActiveCfg = Debug|Any CPU
		{F0AD83C3-3948-41FB-BE3D-3FDFB81C5B11}.Debug|x86.Build.0 = Debug|Any CPU
		{F0AD83C3-3948-41FB-BE3D-3FDFB81C5B11}.Release|Any CPU.ActiveCfg = Release|Any CPU
		{F0AD83C3-3948-41FB-BE3D-3FDFB81C5B11}.Release|Any CPU.Build.0 = Release|Any CPU
		{F0AD83C3-3948-41FB-BE3D-3FDFB81C5B11}.Release|x64.ActiveCfg = Release|Any CPU
		{F0AD83C3-3948-41FB-BE3D-3FDFB81C5B11}.Release|x64.Build.0 = Release|Any CPU
		{F0AD83C3-3948-41FB-BE3D-3FDFB81C5B11}.Release|x86.ActiveCfg = Release|Any CPU
		{F0AD83C3-3948-41FB-BE3D-3FDFB81C5B11}.Release|x86.Build.0 = Release|Any CPU
	EndGlobalSection
	GlobalSection(SolutionProperties) = preSolution
		HideSolutionNode = FALSE
	EndGlobalSection
	GlobalSection(ExtensibilityGlobals) = postSolution
		SolutionGuid = {1E5F59F4-7861-45CC-83EE-A8E4E7B71DC2}
	EndGlobalSection
EndGlobal
